
Microsoft Visual Studio Solution File, Format Version 12.00
# Visual Studio Version 17
VisualStudioVersion = 17.0.31903.59
MinimumVisualStudioVersion = 10.0.40219.1
Project("{FAE04EC0-301F-11D3-BF4B-00C04F79EFBC}") = "DreamTeam", "DreamTeam\DreamTeam.csproj", "{8556BE67-C6CC-4C48-8CE6-636C02ACD425}"
EndProject
Project("{FAE04EC0-301F-11D3-BF4B-00C04F79EFBC}") = "DreamTeam.Tests", "DreamTeam.Tests\DreamTeam.Tests.csproj", "{0CB6C63F-41DF-4E9D-9ABB-AE8FB8A58FAB}"
EndProject
Project("{FAE04EC0-301F-11D3-BF4B-00C04F79EFBC}") = "DreamTeam.Data", "DreamTeam.Data\DreamTeam.Data.csproj", "{B45899F3-8F08-42E5-BDBB-E237899089AF}"
EndProject
Global
	GlobalSection(SolutionConfigurationPlatforms) = preSolution
		Debug|Any CPU = Debug|Any CPU
		Release|Any CPU = Release|Any CPU
	EndGlobalSection
	GlobalSection(ProjectConfigurationPlatforms) = postSolution
		{8556BE67-C6CC-4C48-8CE6-636C02ACD425}.Debug|Any CPU.ActiveCfg = Debug|Any CPU
		{8556BE67-C6CC-4C48-8CE6-636C02ACD425}.Debug|Any CPU.Build.0 = Debug|Any CPU
		{8556BE67-C6CC-4C48-8CE6-636C02ACD425}.Release|Any CPU.ActiveCfg = Release|Any CPU
		{8556BE67-C6CC-4C48-8CE6-636C02ACD425}.Release|Any CPU.Build.0 = Release|Any CPU
		{0CB6C63F-41DF-4E9D-9ABB-AE8FB8A58FAB}.Debug|Any CPU.ActiveCfg = Debug|Any CPU
		{0CB6C63F-41DF-4E9D-9ABB-AE8FB8A58FAB}.Debug|Any CPU.Build.0 = Debug|Any CPU
		{0CB6C63F-41DF-4E9D-9ABB-AE8FB8A58FAB}.Release|Any CPU.ActiveCfg = Release|Any CPU
		{0CB6C63F-41DF-4E9D-9ABB-AE8FB8A58FAB}.Release|Any CPU.Build.0 = Release|Any CPU
		{B45899F3-8F08-42E5-BDBB-E237899089AF}.Debug|Any CPU.ActiveCfg = Debug|Any CPU
		{B45899F3-8F08-42E5-BDBB-E237899089AF}.Debug|Any CPU.Build.0 = Debug|Any CPU
		{B45899F3-8F08-42E5-BDBB-E237899089AF}.Release|Any CPU.ActiveCfg = Release|Any CPU
		{B45899F3-8F08-42E5-BDBB-E237899089AF}.Release|Any CPU.Build.0 = Release|Any CPU
	EndGlobalSection
	GlobalSection(SolutionProperties) = preSolution
		HideSolutionNode = FALSE
	EndGlobalSection
	GlobalSection(ExtensibilityGlobals) = postSolution
		SolutionGuid = {ABDB2597-3821-4A8F-A519-B94D0F44A560}
	EndGlobalSection
EndGlobal
